{
  "lockfileVersion": 1,
  "workspaces": {
    "": {
      "name": "@agent-server/prototype-api",
      "dependencies": {
        "json-server": "latest",
        "zod": "latest",
      },
      "devDependencies": {
        "typescript": "latest",
      },
    },
  },
  "packages": {
    "@polka/url": ["@polka/url@1.0.0-next.29", "", {}, "sha512-wwQAWhWSuHaag8c4q/KN/vCoeOJYshAIvMQwD4GpSb3OiZklFfvAgmj0VCBBImRpuF/aFgIRzllXlVX93Jevww=="],

    "@tinyhttp/accepts": ["@tinyhttp/accepts@2.3.1", "", { "dependencies": { "mrmime": "^2.0.1" } }, "sha512-hQrRevKhof6o3zapU6AqWw6X5UEt09dS6pY3OsRROXlugm6hYMAVwVuamKUVOpokP/eLL7RMW3X5l8P+9vft3g=="],

    "@tinyhttp/app": ["@tinyhttp/app@3.0.10", "", { "dependencies": { "@tinyhttp/accepts": "^2.3.1", "@tinyhttp/cookie": "2.1.1", "@tinyhttp/proxy-addr": "3.0.1", "@tinyhttp/req": "2.2.10", "@tinyhttp/res": "2.2.14", "@tinyhttp/router": "2.2.5", "regexparam": "^3.0.0" } }, "sha512-Rdzh9ukheWsmEhySudNU2Hb6MunZJ2p2Irrkam720vtc4X83FbZUtTF8Cqi5vsRWPY1dAA623Sb23q/gaa5HuA=="],

    "@tinyhttp/content-disposition": ["@tinyhttp/content-disposition@2.2.4", "", {}, "sha512-5Kc5CM2Ysn3vTTArBs2vESUt0AQiWZA86yc1TI3B+lxXmtEq133C1nxXNOgnzhrivdPZIh3zLj5gDnZjoLL5GA=="],

    "@tinyhttp/content-type": ["@tinyhttp/content-type@0.1.4", "", {}, "sha512-dl6f3SHIJPYbhsW1oXdrqOmLSQF/Ctlv3JnNfXAE22kIP7FosqJHxkz/qj2gv465prG8ODKH5KEyhBkvwrueKQ=="],

    "@tinyhttp/cookie": ["@tinyhttp/cookie@2.1.1", "", {}, "sha512-h/kL9jY0e0Dvad+/QU3efKZww0aTvZJslaHj3JTPmIPC9Oan9+kYqmh3M6L5JUQRuTJYFK2nzgL2iJtH2S+6dA=="],

    "@tinyhttp/cookie-signature": ["@tinyhttp/cookie-signature@2.1.1", "", {}, "sha512-VDsSMY5OJfQJIAtUgeQYhqMPSZptehFSfvEEtxr+4nldPA8IImlp3QVcOVuK985g4AFR4Hl1sCbWCXoqBnVWnw=="],

    "@tinyhttp/cors": ["@tinyhttp/cors@2.0.1", "", { "dependencies": { "@tinyhttp/vary": "^0.1.3" } }, "sha512-qrmo6WJuaiCzKWagv2yA/kw6hIISfF/hOqPWwmI6w0o8apeTMmRN3DoCFvQ/wNVuWVdU5J4KU7OX8aaSOEq51A=="],

    "@tinyhttp/encode-url": ["@tinyhttp/encode-url@2.1.1", "", {}, "sha512-AhY+JqdZ56qV77tzrBm0qThXORbsVjs/IOPgGCS7x/wWnsa/Bx30zDUU/jPAUcSzNOzt860x9fhdGpzdqbUeUw=="],

    "@tinyhttp/etag": ["@tinyhttp/etag@2.1.2", "", {}, "sha512-j80fPKimGqdmMh6962y+BtQsnYPVCzZfJw0HXjyH70VaJBHLKGF+iYhcKqzI3yef6QBNa8DKIPsbEYpuwApXTw=="],

    "@tinyhttp/forwarded": ["@tinyhttp/forwarded@2.1.2", "", {}, "sha512-9H/eulJ68ElY/+zYpTpNhZ7vxGV+cnwaR6+oQSm7bVgZMyuQfgROW/qvZuhmgDTIxnGMXst+Ba4ij6w6Krcs3w=="],

    "@tinyhttp/logger": ["@tinyhttp/logger@2.1.0", "", { "dependencies": { "colorette": "^2.0.20", "dayjs": "^1.11.13", "http-status-emojis": "^2.2.0" } }, "sha512-Ma1fJ9CwUbn9r61/4HW6+nflsVoslpOnCrfQ6UeZq7GGIgwLzofms3HoSVG7M+AyRMJpxlfcDdbH5oFVroDMKA=="],

    "@tinyhttp/proxy-addr": ["@tinyhttp/proxy-addr@3.0.1", "", { "dependencies": { "@tinyhttp/forwarded": "2.1.2" } }, "sha512-vP0JVsy9ZMIldsaP/QHdMF+sb3B6wn7e2QXRdqpX/Cqz1ie35Am29DK88DeVmiwdTQle3FtYaVNtU3RgTGYZ+w=="],

    "@tinyhttp/req": ["@tinyhttp/req@2.2.10", "", { "dependencies": { "@tinyhttp/accepts": "2.3.1", "@tinyhttp/type-is": "2.2.6", "@tinyhttp/url": "2.1.1", "header-range-parser": "2.0.0" } }, "sha512-E2SAtPu/44VtC6jFcdZilqU60duUAjOApGz2r5TSj1HSLJnF9OdD/lB0lnKinSI8yxdYtYnpFZ8/0wQsc1Jl5A=="],

    "@tinyhttp/res": ["@tinyhttp/res@2.2.14", "", { "dependencies": { "@tinyhttp/content-disposition": "2.2.4", "@tinyhttp/cookie": "2.1.1", "@tinyhttp/cookie-signature": "2.1.1", "@tinyhttp/encode-url": "2.1.1", "@tinyhttp/req": "2.2.10", "@tinyhttp/send": "2.2.8", "@tinyhttp/vary": "^0.1.3", "mrmime": "^2.0.1" } }, "sha512-Qd4NuVhLEbNuzd8pa079UUpoSQAhhffi0Zx0YAHoG8fhAQLvEVv2NElnFo7DT6yrfoYWT6AM6vJuavpk4mGb/A=="],

    "@tinyhttp/router": ["@tinyhttp/router@2.2.5", "", { "dependencies": { "regexparam": "^2.0.2" } }, "sha512-HI9Mpo9+IVpCzx/36okjJvtvifBSh3Ufhl9n1vylAbNLEykceJiMBkr06+W0qqRlo8TiZeUtg2XinEJu+GFcRA=="],

    "@tinyhttp/send": ["@tinyhttp/send@2.2.8", "", { "dependencies": { "@tinyhttp/content-type": "^0.1.4", "@tinyhttp/etag": "2.1.2", "header-range-parser": "2.0.0", "mrmime": "^2.0.1" } }, "sha512-KjKZ8yZw+GSIz2hgAMtu52OD97XJ1tHUqKZx1Hp2i5KU4qUF0cR76ab4rydZCVYV5SPsv885y0OqI1k+g0UHTQ=="],

    "@tinyhttp/type-is": ["@tinyhttp/type-is@2.2.6", "", { "dependencies": { "@tinyhttp/content-type": "^0.1.4", "mrmime": "^2.0.1" } }, "sha512-mBtfSyoFvhW7iiVW2/Z5t8m3x8QiV//QsPe8E9h4RF2CiIizCW+z95Qo55OAuQJS3GfUvxxaWzZZGj26lqbvcA=="],

    "@tinyhttp/url": ["@tinyhttp/url@2.1.1", "", {}, "sha512-POJeq2GQ5jI7Zrdmj22JqOijB5/GeX+LEX7DUdml1hUnGbJOTWDx7zf2b5cCERj7RoXL67zTgyzVblBJC+NJWg=="],

    "@tinyhttp/vary": ["@tinyhttp/vary@0.1.3", "", {}, "sha512-SoL83sQXAGiHN1jm2VwLUWQSQeDAAl1ywOm6T0b0Cg1CZhVsjoiZadmjhxF6FHCCY7OHHVaLnTgSMxTPIDLxMg=="],

    "@typescript/typescript-aix-ppc64": ["@typescript/typescript-aix-ppc64@7.0.2", "", { "os": "aix", "cpu": "ppc64" }, "sha512-MTKKkWB7p/0E9xi1d1tHtZ5PiLkGEMIq88pK2CubZjOsLtYTLqhgIgi6zepFa+9GHZ6h05NMCkQxGKiPXMxXtQ=="],

    "@typescript/typescript-darwin-arm64": ["@typescript/typescript-darwin-arm64@7.0.2", "", { "os": "darwin", "cpu": "arm64" }, "sha512-gowzar9MwS/aRWp6f3a4KUqzRjAZjOsmGNCM6LcTgXum+dBfgsBVMN+AgvOCCbguXyick6LJhpBszxMebJ8syA=="],

    "@typescript/typescript-darwin-x64": ["@typescript/typescript-darwin-x64@7.0.2", "", { "os": "darwin", "cpu": "x64" }, "sha512-SZ9xZInqApNlNGc9s0W1VSsktYSOe9cFqNOIqmN1Gs8SmkjKZYFt017G4VwPxASInODuAdbTW7sXiFUf893RgA=="],

    "@typescript/typescript-freebsd-arm64": ["@typescript/typescript-freebsd-arm64@7.0.2", "", { "os": "freebsd", "cpu": "arm64" }, "sha512-W5NH4y/J0plIIS5b2xvTEkU7JFxyqdMAOgf+Ilhl0vHQXKO5dZoxd+C/jEtq56c4F3wk71RB4BMRQ2XdI+bwYQ=="],

    "@typescript/typescript-freebsd-x64": ["@typescript/typescript-freebsd-x64@7.0.2", "", { "os": "freebsd", "cpu": "x64" }, "sha512-UMGDx5sTpzNw3WiPebH7l90IWfJggEd+egHt/q6p7/Cm3zqoV7VxkGXt+3DxPIw8CcmvAB0j3sVVfbhX+M4Tpw=="],

    "@typescript/typescript-linux-arm": ["@typescript/typescript-linux-arm@7.0.2", "", { "os": "linux", "cpu": "arm" }, "sha512-gffT3xPz9sR7j/YJExkyPntrI0P2EP9XbOyWzth2/Gs0RstK+90RBcO0ncXoXy/beYll1SXw846Nf2zdnEz0QQ=="],

    "@typescript/typescript-linux-arm64": ["@typescript/typescript-linux-arm64@7.0.2", "", { "os": "linux", "cpu": "arm64" }, "sha512-Qh4eU4/y3yDjnfjjyPYihMj5/ODIlmt+Bzu17OI+fiSRDW57QmU5SiN63exPRNJPKUzcc1INa1NXdrJ+MqHjUQ=="],

    "@typescript/typescript-linux-loong64": ["@typescript/typescript-linux-loong64@7.0.2", "", { "os": "linux", "cpu": "none" }, "sha512-uEHck9i8hoAzXPiYRib1O7miOnz23SxIeVl6F4LXox+qov1K35jHcEW6VHKvZI+pyvl7fZEP4MCU5LYvIq1GuQ=="],

    "@typescript/typescript-linux-mips64el": ["@typescript/typescript-linux-mips64el@7.0.2", "", { "os": "linux", "cpu": "none" }, "sha512-R4KvAMnE43W5Qeqb0Ly56O3mWMWIAgsMyz36DCaycd5nbg/9kzm0liw3JocfRqyJY0KPmzFjbswozXyW0DnIYA=="],

    "@typescript/typescript-linux-ppc64": ["@typescript/typescript-linux-ppc64@7.0.2", "", { "os": "linux", "cpu": "ppc64" }, "sha512-DORx5b3sd/4S7eayxm4FQv+A7CrkUIGRaHiwI8oiHTAI1fAPWhF4J0vAlkC8biAlHSVVwxMQ3tjZ2/DVbnQiiA=="],

    "@typescript/typescript-linux-riscv64": ["@typescript/typescript-linux-riscv64@7.0.2", "", { "os": "linux", "cpu": "none" }, "sha512-wf0jqEDOjrPRnKwYRyyJDRo11KMbvMFrU+q4zqKyChODBzvlkbhNQfKvLxQCcwTpdDaXSHZTVuh0JoCrKCUMHQ=="],

    "@typescript/typescript-linux-s390x": ["@typescript/typescript-linux-s390x@7.0.2", "", { "os": "linux", "cpu": "s390x" }, "sha512-IkwJc3L7yhytWd/ewjyxNDfOmswCm9GWMJT/ue/dU4aZNbwZeYAetq42VyLmsmSjvoX7z74X6ZaYCtzAr0EuGw=="],

    "@typescript/typescript-linux-x64": ["@typescript/typescript-linux-x64@7.0.2", "", { "os": "linux", "cpu": "x64" }, "sha512-EYdf2cNg7rgCWJnxCdJ+F3V39O8ihb37eHAu1LK8oAFizgTQbPOK7zHHXbPt8rX24COqODXeI3sIf0fCXG7H/A=="],

    "@typescript/typescript-netbsd-arm64": ["@typescript/typescript-netbsd-arm64@7.0.2", "", { "os": "none", "cpu": "arm64" }, "sha512-+polYF4MF04aPpO5FTkHran9yUQDSXqy5GiSDKpsll5jy3l3+g9QLhpf39T+ePtefhXLOGrLl0QIjkQP6VnelA=="],

    "@typescript/typescript-netbsd-x64": ["@typescript/typescript-netbsd-x64@7.0.2", "", { "os": "none", "cpu": "x64" }, "sha512-8YIT0EHM/3dq10ZOVF/A7pc/YSMtbcecct4rWtexrnSCHOPcpC2KTLXfTCR6vDpnSiY12heNb1GiN/wu+T/FyA=="],

    "@typescript/typescript-openbsd-arm64": ["@typescript/typescript-openbsd-arm64@7.0.2", "", { "os": "openbsd", "cpu": "arm64" }, "sha512-APT8+ClYnuYm1u9+kgGXoMj2VzWzcymwh2gNSQVySHfkRDGOTVkoWLjCmOQSaO+PoqQ57B0flRp9SA+7GnnkzQ=="],

    "@typescript/typescript-openbsd-x64": ["@typescript/typescript-openbsd-x64@7.0.2", "", { "os": "openbsd", "cpu": "x64" }, "sha512-yX7s+Q0Dln0Dt9tEzZsAjXXR/+ytBM7AlglaqyeMPxQszJ1JhlJdZ6jLA+IzldHtflX81em7lDao1xXu+aRRkg=="],

    "@typescript/typescript-sunos-x64": ["@typescript/typescript-sunos-x64@7.0.2", "", { "os": "sunos", "cpu": "x64" }, "sha512-dLJDGaLZ1D4HPQn62u1n8mBDkJREwMsAkCdkwd4Ieqw+x3TUyTsqY0YiBCtE6H6OzzgGk3iuZ3vFWRS+E8/d1g=="],

    "@typescript/typescript-win32-arm64": ["@typescript/typescript-win32-arm64@7.0.2", "", { "os": "win32", "cpu": "arm64" }, "sha512-Gyl1Vy6OsWesLzmq+EP0Fb7b4Nid5232AvcA2SFcdYreldpNtYFFofPjnt62y9hQy7VTaZp65ICJjuAQRaVcIQ=="],

    "@typescript/typescript-win32-x64": ["@typescript/typescript-win32-x64@7.0.2", "", { "os": "win32", "cpu": "x64" }, "sha512-0BQ3HkAHHlKLSp1qRvf3SUhGpGsDuhB/jgFw75guyqbxJqEaS0Cw/VFO8i2nHglJUzQCRtMMR/IBAKE3ETMC4g=="],

    "chalk": ["chalk@5.6.2", "", {}, "sha512-7NzBL0rN6fMUW+f7A6Io4h40qQlG+xGmtMxfbnH/K7TAtt8JQWVQK+6g0UXKMeVJoyV5EkkNsErQ8pVD3bLHbA=="],

    "chokidar": ["chokidar@5.0.0", "", { "dependencies": { "readdirp": "^5.0.0" } }, "sha512-TQMmc3w+5AxjpL8iIiwebF73dRDF4fBIieAqGn9RGCWaEVwQ6Fb2cGe31Yns0RRIzii5goJ1Y7xbMwo1TxMplw=="],

    "colorette": ["colorette@2.0.20", "", {}, "sha512-IfEDxwoWIjkeXL1eXcDiow4UbKjhLdq6/EuSVR9GMN7KVH3r9gQ83e73hsz1Nd1T3ijd5xv1wcWRYO+D6kCI2w=="],

    "dayjs": ["dayjs@1.11.21", "", {}, "sha512-98IT+HOahAisibz/yjKbzuOBwYcjJ7BCLPzARyHiyEBmRz4fatF+KPJszEHXsGYjUG234aH/cOjW1wwTbKUZlA=="],

    "dot-prop": ["dot-prop@10.2.0", "", { "dependencies": { "type-fest": "^5.0.0" } }, "sha512-BTJ9aZYL3vCfZlZOBLy9v8TUqWGQ0pzFnygKwFZt5udj6viBoFIBviKPUoZLDCPn1FoXffv6McQFDenrm5Krfw=="],

    "eta": ["eta@4.6.0", "", {}, "sha512-lW6is4T1NFOYnmqGZIfvixqj7A7sSvScF+DN8EK6K58xI5MZ5UvYe0GjopxOXQtZvUn4eDdVuZ8XSoYWTMEKwA=="],

    "header-range-parser": ["header-range-parser@2.0.0", "", {}, "sha512-DMbQU7Dd2tG4a+9M09ZUkPX4Ie/QRed6TYvoeDtgIajIkVo7A7xRTbs/M/j7jFMZzVhe6tVNWLk3/nwPO8iSMQ=="],

    "http-status-emojis": ["http-status-emojis@2.2.0", "", {}, "sha512-ompKtgwpx8ff0hsbpIB7oE4ax1LXoHmftsHHStMELX56ivG3GhofTX8ZHWlUaFKfGjcGjw6G3rPk7dJRXMmbbg=="],

    "inflection": ["inflection@3.0.2", "", {}, "sha512-+Bg3+kg+J6JUWn8J6bzFmOWkTQ6L/NHfDRSYU+EVvuKHDxUDHAXgqixHfVlzuBQaPOTac8hn43aPhMNk6rMe3g=="],

    "json-server": ["json-server@1.0.0-beta.15", "", { "dependencies": { "@tinyhttp/app": "^3.0.1", "@tinyhttp/cors": "^2.0.1", "@tinyhttp/logger": "^2.1.0", "chalk": "^5.6.2", "chokidar": "^5.0.0", "dot-prop": "^10.1.0", "eta": "^4.5.0", "inflection": "^3.0.2", "json5": "^2.2.3", "lowdb": "^7.0.1", "milliparsec": "^5.1.0", "sirv": "^3.0.2", "sort-on": "^7.0.0" }, "bin": { "json-server": "lib/bin.js" } }, "sha512-I5UB/OWHLGoQW9IVld2yzZFYYiGYNBn2OYRlGbkfj5xDidT26yKYkV7Sr093zJtPh9zbofaLgyT89Ov5U0RRBQ=="],

    "json5": ["json5@2.2.3", "", { "bin": { "json5": "lib/cli.js" } }, "sha512-XmOWe7eyHYH14cLdVPoyg+GOH3rYX++KpzrylJwSW98t3Nk+U8XOl8FWKOgwtzdb8lXGf6zYwDUzeHMWfxasyg=="],

    "lowdb": ["lowdb@7.0.1", "", { "dependencies": { "steno": "^4.0.2" } }, "sha512-neJAj8GwF0e8EpycYIDFqEPcx9Qz4GUho20jWFR7YiFeXzF1YMLdxB36PypcTSPMA+4+LvgyMacYhlr18Zlymw=="],

    "milliparsec": ["milliparsec@5.1.1", "", {}, "sha512-jkEDaSWZp4/Q3vprqdqukBqUEyNNqC1pwTjZ5cp9YkaR1wv5fvTCd8VFsecbw7i8DNBGjzhJ83MDoPZlcTaPQg=="],

    "mrmime": ["mrmime@2.0.1", "", {}, "sha512-Y3wQdFg2Va6etvQ5I82yUhGdsKrcYox6p7FfL1LbK2J4V01F9TGlepTIhnK24t7koZibmg82KGglhA1XK5IsLQ=="],

    "readdirp": ["readdirp@5.0.0", "", {}, "sha512-9u/XQ1pvrQtYyMpZe7DXKv2p5CNvyVwzUB6uhLAnQwHMSgKMBR62lc7AHljaeteeHXn11XTAaLLUVZYVZyuRBQ=="],

    "regexparam": ["regexparam@3.0.0", "", {}, "sha512-RSYAtP31mvYLkAHrOlh25pCNQ5hWnT106VukGaaFfuJrZFkGRX5GhUAdPqpSDXxOhA2c4akmRuplv1mRqnBn6Q=="],

    "sirv": ["sirv@3.0.2", "", { "dependencies": { "@polka/url": "^1.0.0-next.24", "mrmime": "^2.0.0", "totalist": "^3.0.0" } }, "sha512-2wcC/oGxHis/BoHkkPwldgiPSYcpZK3JU28WoMVv55yHJgcZ8rlXvuG9iZggz+sU1d4bRgIGASwyWqjxu3FM0g=="],

    "sort-on": ["sort-on@7.0.0", "", { "dependencies": { "dot-prop": "^10.1.0" } }, "sha512-e+4RRxt7jsWdGPp4H5PKOER/ELYlemNB1plvW686Qi3j4WVaCjCpro2zaTD7Cn0VtBImq/hg3x1JfovMNXXfJQ=="],

    "steno": ["steno@4.0.2", "", {}, "sha512-yhPIQXjrlt1xv7dyPQg2P17URmXbuM5pdGkpiMB3RenprfiBlvK415Lctfe0eshk90oA7/tNq7WEiMK8RSP39A=="],

    "tagged-tag": ["tagged-tag@1.0.0", "", {}, "sha512-yEFYrVhod+hdNyx7g5Bnkkb0G6si8HJurOoOEgC8B/O0uXLHlaey/65KRv6cuWBNhBgHKAROVpc7QyYqE5gFng=="],

    "totalist": ["totalist@3.0.1", "", {}, "sha512-sf4i37nQ2LBx4m3wB74y+ubopq6W/dIzXg0FDGjsYnZHVa1Da8FH853wlL2gtUhg+xJXjfk3kUZS3BRoQeoQBQ=="],

    "type-fest": ["type-fest@5.8.0", "", { "dependencies": { "tagged-tag": "^1.0.0" } }, "sha512-YGYEVz3Fm5iy/AybuA0oyNFq7H4CgQNfRp/qfe8nurE1kuCeNm3/vfm9X4Mtl+qLyaKJUh5xrFZwogr41SMjYA=="],

    "typescript": ["typescript@7.0.2", "", { "optionalDependencies": { "@typescript/typescript-aix-ppc64": "7.0.2", "@typescript/typescript-darwin-arm64": "7.0.2", "@typescript/typescript-darwin-x64": "7.0.2", "@typescript/typescript-freebsd-arm64": "7.0.2", "@typescript/typescript-freebsd-x64": "7.0.2", "@typescript/typescript-linux-arm": "7.0.2", "@typescript/typescript-linux-arm64": "7.0.2", "@typescript/typescript-linux-loong64": "7.0.2", "@typescript/typescript-linux-mips64el": "7.0.2", "@typescript/typescript-linux-ppc64": "7.0.2", "@typescript/typescript-linux-riscv64": "7.0.2", "@typescript/typescript-linux-s390x": "7.0.2", "@typescript/typescript-linux-x64": "7.0.2", "@typescript/typescript-netbsd-arm64": "7.0.2", "@typescript/typescript-netbsd-x64": "7.0.2", "@typescript/typescript-openbsd-arm64": "7.0.2", "@typescript/typescript-openbsd-x64": "7.0.2", "@typescript/typescript-sunos-x64": "7.0.2", "@typescript/typescript-win32-arm64": "7.0.2", "@typescript/typescript-win32-x64": "7.0.2" }, "bin": { "tsc": "bin/tsc" } }, "sha512-8FYau96o3NKOhbjKi/qNvG/W5jhzxkbdm5sj9AbZ/5T5sWqn3hJgLfGx27sRKZWTvyzCP8dLRBTf5tBTSRVUNA=="],

    "zod": ["zod@4.4.3", "", {}, "sha512-ytENFjIJFl2UwYglde2jchW2Hwm4GJFLDiSXWdTrJQBIN9Fcyp7n4DhxJEiWNAJMV1/BqWfW/kkg71UDcHJyTQ=="],

    "@tinyhttp/router/regexparam": ["regexparam@2.0.2", "", {}, "sha512-A1PeDEYMrkLrfyOwv2jwihXbo9qxdGD3atBYQA9JJgreAx8/7rC6IUkWOw2NQlOxLp2wL0ifQbh1HuidDfYA6w=="],
  }
}
